// !$*UTF8*$!
{
	archiveVersion = 1;
	classes = {
	};
	objectVersion = 46;
	objects = {

/* Begin PBXBuildFile section */
		862C93271BEC681900636CE9 /* HomeViewController.m in Sources */ = {isa = PBXBuildFile; fileRef = 862C93261BEC681900636CE9 /* HomeViewController.m */; };
		8630C35C1BEB438A00C712E3 /* main.m in Sources */ = {isa = PBXBuildFile; fileRef = 8630C35B1BEB438A00C712E3 /* main.m */; };
		8630C35F1BEB438A00C712E3 /* AppDelegate.m in Sources */ = {isa = PBXBuildFile; fileRef = 8630C35E1BEB438A00C712E3 /* AppDelegate.m */; };
		8630C3621BEB438A00C712E3 /* TarBarController.m in Sources */ = {isa = PBXBuildFile; fileRef = 8630C3611BEB438A00C712E3 /* TarBarController.m */; };
		8630C3651BEB438A00C712E3 /* Main.storyboard in Resources */ = {isa = PBXBuildFile; fileRef = 8630C3631BEB438A00C712E3 /* Main.storyboard */; };
		8630C3671BEB438A00C712E3 /* Images.xcassets in Resources */ = {isa = PBXBuildFile; fileRef = 8630C3661BEB438A00C712E3 /* Images.xcassets */; };
		8630C36A1BEB438A00C712E3 /* LaunchScreen.xib in Resources */ = {isa = PBXBuildFile; fileRef = 8630C3681BEB438A00C712E3 /* LaunchScreen.xib */; };
		8630C3761BEB438A00C712E3 /* XMprojectTests.m in Sources */ = {isa = PBXBuildFile; fileRef = 8630C3751BEB438A00C712E3 /* XMprojectTests.m */; };
		86D307811BEB5AB400A7A182 /* FourViewController.m in Sources */ = {isa = PBXBuildFile; fileRef = 86D307791BEB5AB400A7A182 /* FourViewController.m */; };
		86D307821BEB5AB400A7A182 /* MiddleViewController.m in Sources */ = {isa = PBXBuildFile; fileRef = 86D3077B1BEB5AB400A7A182 /* MiddleViewController.m */; };
		86D307831BEB5AB400A7A182 /* SecondViewController.m in Sources */ = {isa = PBXBuildFile; fileRef = 86D3077D1BEB5AB400A7A182 /* SecondViewController.m */; };
		86D307841BEB5AB400A7A182 /* ThirdViewController.m in Sources */ = {isa = PBXBuildFile; fileRef = 86D3077F1BEB5AB400A7A182 /* ThirdViewController.m */; };
/* End PBXBuildFile section */

/* Begin PBXContainerItemProxy section */
		8630C3701BEB438A00C712E3 /* PBXContainerItemProxy */ = {
			isa = PBXContainerItemProxy;
			containerPortal = 8630C34E1BEB438A00C712E3 /* Project object */;
			proxyType = 1;
			remoteGlobalIDString = 8630C3551BEB438A00C712E3;
			remoteInfo = XMproject;
		};
/* End PBXContainerItemProxy section */

/* Begin PBXFileReference section */
		862C93251BEC681900636CE9 /* HomeViewController.h */ = {isa = PBXFileReference; fileEncoding = 4; lastKnownFileType = sourcecode.c.h; path = HomeViewController.h; sourceTree = "<group>"; };
		862C93261BEC681900636CE9 /* HomeViewController.m */ = {isa = PBXFileReference; fileEncoding = 4; lastKnownFileType = sourcecode.c.objc; path = HomeViewController.m; sourceTree = "<group>"; };
		8630C3561BEB438A00C712E3 /* XMproject.app */ = {isa = PBXFileReference; explicitFileType = wrapper.application; includeInIndex = 0; path = XMproject.app; sourceTree = BUILT_PRODUCTS_DIR; };
		8630C35A1BEB438A00C712E3 /* Info.plist */ = {isa = PBXFileReference; lastKnownFileType = text.plist.xml; path = Info.plist; sourceTree = "<group>"; };
		8630C35B1BEB438A00C712E3 /* main.m */ = {isa = PBXFileReference; lastKnownFileType = sourcecode.c.objc; path = main.m; sourceTree = "<group>"; };
		8630C35D1BEB438A00C712E3 /* AppDelegate.h */ = {isa = PBXFileReference; lastKnownFileType = sourcecode.c.h; path = AppDelegate.h; sourceTree = "<group>"; };
		8630C35E1BEB438A00C712E3 /* AppDelegate.m */ = {isa = PBXFileReference; lastKnownFileType = sourcecode.c.objc; path = AppDelegate.m; sourceTree = "<group>"; };
		8630C3601BEB438A00C712E3 /* TarBarController.h */ = {isa = PBXFileReference; lastKnownFileType = sourcecode.c.h; path = TarBarController.h; sourceTree = "<group>"; };
		8630C3611BEB438A00C712E3 /* TarBarController.m */ = {isa = PBXFileReference; lastKnownFileType = sourcecode.c.objc; path = TarBarController.m; sourceTree = "<group>"; };
		8630C3641BEB438A00C712E3 /* Base */ = {isa = PBXFileReference; lastKnownFileType = file.storyboard; name = Base; path = Base.lproj/Main.storyboard; sourceTree = "<group>"; };
		8630C3661BEB438A00C712E3 /* Images.xcassets */ = {isa = PBXFileReference; lastKnownFileType = folder.assetcatalog; path = Images.xcassets; sourceTree = "<group>"; };
		8630C3691BEB438A00C712E3 /* Base */ = {isa = PBXFileReference; lastKnownFileType = file.xib; name = Base; path = Base.lproj/LaunchScreen.xib; sourceTree = "<group>"; };
		8630C36F1BEB438A00C712E3 /* XMprojectTests.xctest */ = {isa = PBXFileReference; explicitFileType = wrapper.cfbundle; includeInIndex = 0; path = XMprojectTests.xctest; sourceTree = BUILT_PRODUCTS_DIR; };
		8630C3741BEB438A00C712E3 /* Info.plist */ = {isa = PBXFileReference; lastKnownFileType = text.plist.xml; path = Info.plist; sourceTree = "<group>"; };
		8630C3751BEB438A00C712E3 /* XMprojectTests.m */ = {isa = PBXFileReference; lastKnownFileType = sourcecode.c.objc; path = XMprojectTests.m; sourceTree = "<group>"; };
		86D307781BEB5AB400A7A182 /* FourViewController.h */ = {isa = PBXFileReference; fileEncoding = 4; lastKnownFileType = sourcecode.c.h; path = FourViewController.h; sourceTree = "<group>"; };
		86D307791BEB5AB400A7A182 /* FourViewController.m */ = {isa = PBXFileReference; fileEncoding = 4; lastKnownFileType = sourcecode.c.objc; path = FourViewController.m; sourceTree = "<group>"; };
		86D3077A1BEB5AB400A7A182 /* MiddleViewController.h */ = {isa = PBXFileReference; fileEncoding = 4; lastKnownFileType = sourcecode.c.h; path = MiddleViewController.h; sourceTree = "<group>"; };
		86D3077B1BEB5AB400A7A182 /* MiddleViewController.m */ = {isa = PBXFileReference; fileEncoding = 4; lastKnownFileType = sourcecode.c.objc; path = MiddleViewController.m; sourceTree = "<group>"; };
		86D3077C1BEB5AB400A7A182 /* SecondViewController.h */ = {isa = PBXFileReference; fileEncoding = 4; lastKnownFileType = sourcecode.c.h; path = SecondViewController.h; sourceTree = "<group>"; };
		86D3077D1BEB5AB400A7A182 /* SecondViewController.m */ = {isa = PBXFileReference; fileEncoding = 4; lastKnownFileType = sourcecode.c.objc; path = SecondViewController.m; sourceTree = "<group>"; };
		86D3077E1BEB5AB400A7A182 /* ThirdViewController.h */ = {isa = PBXFileReference; fileEncoding = 4; lastKnownFileType = sourcecode.c.h; path = ThirdViewController.h; sourceTree = "<group>"; };
		86D3077F1BEB5AB400A7A182 /* ThirdViewController.m */ = {isa = PBXFileReference; fileEncoding = 4; lastKnownFileType = sourcecode.c.objc; path = ThirdViewController.m; sourceTree = "<group>"; };
/* End PBXFileReference section */

/* Begin PBXFrameworksBuildPhase section */
		8630C3531BEB438A00C712E3 /* Frameworks */ = {
			isa = PBXFrameworksBuildPhase;
			buildActionMask = 2147483647;
			files = (
			);
			runOnlyForDeploymentPostprocessing = 0;
		};
		8630C36C1BEB438A00C712E3 /* Frameworks */ = {
			isa = PBXFrameworksBuildPhase;
			buildActionMask = 2147483647;
			files = (
			);
			runOnlyForDeploymentPostprocessing = 0;
		};
/* End PBXFrameworksBuildPhase section */

/* Begin PBXGroup section */
		862C93241BEC67C000636CE9 /* MainPageVC */ = {
			isa = PBXGroup;
			children = (
				862C93251BEC681900636CE9 /* HomeViewController.h */,
				862C93261BEC681900636CE9 /* HomeViewController.m */,
			);
			path = MainPageVC;
			sourceTree = "<group>";
		};
		8630C34D1BEB438A00C712E3 = {
			isa = PBXGroup;
			children = (
				86E9A43B1BEC54E700749427 /* New Group */,
				8630C3721BEB438A00C712E3 /* XMprojectTests */,
				8630C3571BEB438A00C712E3 /* Products */,
			);
			sourceTree = "<group>";
		};
		8630C3571BEB438A00C712E3 /* Products */ = {
			isa = PBXGroup;
			children = (
				8630C3561BEB438A00C712E3 /* XMproject.app */,
				8630C36F1BEB438A00C712E3 /* XMprojectTests.xctest */,
			);
			name = Products;
			sourceTree = "<group>";
		};
		8630C3581BEB438A00C712E3 /* XMproject */ = {
			isa = PBXGroup;
			children = (
				8630C3851BEB49C700C712E3 /* BaseModel */,
				8630C37F1BEB462100C712E3 /* ViewControllers */,
				8630C35D1BEB438A00C712E3 /* AppDelegate.h */,
				8630C35E1BEB438A00C712E3 /* AppDelegate.m */,
				8630C3631BEB438A00C712E3 /* Main.storyboard */,
				8630C3661BEB438A00C712E3 /* Images.xcassets */,
				8630C3681BEB438A00C712E3 /* LaunchScreen.xib */,
				8630C3591BEB438A00C712E3 /* Supporting Files */,
			);
			path = XMproject;
			sourceTree = "<group>";
		};
		8630C3591BEB438A00C712E3 /* Supporting Files */ = {
			isa = PBXGroup;
			children = (
				8630C35A1BEB438A00C712E3 /* Info.plist */,
				8630C35B1BEB438A00C712E3 /* main.m */,
			);
			name = "Supporting Files";
			sourceTree = "<group>";
		};
		8630C3721BEB438A00C712E3 /* XMprojectTests */ = {
			isa = PBXGroup;
			children = (
				8630C3751BEB438A00C712E3 /* XMprojectTests.m */,
				8630C3731BEB438A00C712E3 /* Supporting Files */,
			);
			path = XMprojectTests;
			sourceTree = "<group>";
		};
		8630C3731BEB438A00C712E3 /* Supporting Files */ = {
			isa = PBXGroup;
			children = (
				8630C3741BEB438A00C712E3 /* Info.plist */,
			);
			name = "Supporting Files";
			sourceTree = "<group>";
		};
		8630C37F1BEB462100C712E3 /* ViewControllers */ = {
			isa = PBXGroup;
			children = (
				862C93241BEC67C000636CE9 /* MainPageVC */,
				8630C3811BEB468700C712E3 /* HomeVC */,
				8630C3801BEB467700C712E3 /* BaseVC */,
			);
			name = ViewControllers;
			sourceTree = "<group>";
		};
		8630C3801BEB467700C712E3 /* BaseVC */ = {
			isa = PBXGroup;
			children = (
				8630C3601BEB438A00C712E3 /* TarBarController.h */,
				8630C3611BEB438A00C712E3 /* TarBarController.m */,
			);
			name = BaseVC;
			sourceTree = "<group>";
		};
		8630C3811BEB468700C712E3 /* HomeVC */ = {
			isa = PBXGroup;
			children = (
				86D3077C1BEB5AB400A7A182 /* SecondViewController.h */,
				86D3077D1BEB5AB400A7A182 /* SecondViewController.m */,
				86D3077A1BEB5AB400A7A182 /* MiddleViewController.h */,
				86D3077B1BEB5AB400A7A182 /* MiddleViewController.m */,
				86D3077E1BEB5AB400A7A182 /* ThirdViewController.h */,
				86D3077F1BEB5AB400A7A182 /* ThirdViewController.m */,
				86D307781BEB5AB400A7A182 /* FourViewController.h */,
				86D307791BEB5AB400A7A182 /* FourViewController.m */,
			);
			name = HomeVC;
			sourceTree = "<group>";
		};
		8630C3851BEB49C700C712E3 /* BaseModel */ = {
			isa = PBXGroup;
			children = (
			);
			name = BaseModel;
			sourceTree = "<group>";
		};
		86E9A43B1BEC54E700749427 /* New Group */ = {
			isa = PBXGroup;
			children = (
				8630C3581BEB438A00C712E3 /* XMproject */,
			);
			name = "New Group";
			sourceTree = "<group>";
		};
/* End PBXGroup section */

/* Begin PBXNativeTarget section */
		8630C3551BEB438A00C712E3 /* XMproject */ = {
			isa = PBXNativeTarget;
			buildConfigurationList = 8630C3791BEB438A00C712E3 /* Build configuration list for PBXNativeTarget "XMproject" */;
			buildPhases = (
				8630C3521BEB438A00C712E3 /* Sources */,
				8630C3531BEB438A00C712E3 /* Frameworks */,
				8630C3541BEB438A00C712E3 /* Resources */,
			);
			buildRules = (
			);
			dependencies = (
			);
			name = XMproject;
			productName = XMproject;
			productReference = 8630C3561BEB438A00C712E3 /* XMproject.app */;
			productType = "com.apple.product-type.application";
		};
		8630C36E1BEB438A00C712E3 /* XMprojectTests */ = {
			isa = PBXNativeTarget;
			buildConfigurationList = 8630C37C1BEB438A00C712E3 /* Build configuration list for PBXNativeTarget "XMprojectTests" */;
			buildPhases = (
				8630C36B1BEB438A00C712E3 /* Sources */,
				8630C36C1BEB438A00C712E3 /* Frameworks */,
				8630C36D1BEB438A00C712E3 /* Resources */,
			);
			buildRules = (
			);
			dependencies = (
				8630C3711BEB438A00C712E3 /* PBXTargetDependency */,
			);
			name = XMprojectTests;
			productName = XMprojectTests;
			productReference = 8630C36F1BEB438A00C712E3 /* XMprojectTests.xctest */;
			productType = "com.apple.product-type.bundle.unit-test";
		};
/* End PBXNativeTarget section */

/* Begin PBXProject section */
		8630C34E1BEB438A00C712E3 /* Project object */ = {
			isa = PBXProject;
			attributes = {
				LastUpgradeCheck = 0640;
				ORGANIZATIONNAME = "a bin";
				TargetAttributes = {
					8630C3551BEB438A00C712E3 = {
						CreatedOnToolsVersion = 6.4;
					};
					8630C36E1BEB438A00C712E3 = {
						CreatedOnToolsVersion = 6.4;
						TestTargetID = 8630C3551BEB438A00C712E3;
					};
				};
			};
			buildConfigurationList = 8630C3511BEB438A00C712E3 /* Build configuration list for PBXProject "XMproject" */;
			compatibilityVersion = "Xcode 3.2";
			developmentRegion = English;
			hasScannedForEncodings = 0;
			knownRegions = (
				en,
				Base,
			);
			mainGroup = 8630C34D1BEB438A00C712E3;
			productRefGroup = 8630C3571BEB438A00C712E3 /* Products */;
			projectDirPath = "";
			projectRoot = "";
			targets = (
				8630C3551BEB438A00C712E3 /* XMproject */,
				8630C36E1BEB438A00C712E3 /* XMprojectTests */,
			);
		};
/* End PBXProject section */

/* Begin PBXResourcesBuildPhase section */
		8630C3541BEB438A00C712E3 /* Resources */ = {
			isa = PBXResourcesBuildPhase;
			buildActionMask = 2147483647;
			files = (
				8630C3651BEB438A00C712E3 /* Main.storyboard in Resources */,
				8630C36A1BEB438A00C712E3 /* LaunchScreen.xib in Resources */,
				8630C3671BEB438A00C712E3 /* Images.xcassets in Resources */,
			);
			runOnlyForDeploymentPostprocessing = 0;
		};
		8630C36D1BEB438A00C712E3 /* Resources */ = {
			isa = PBXResourcesBuildPhase;
			buildActionMask = 2147483647;
			files = (
			);
			runOnlyForDeploymentPostprocessing = 0;
		};
/* End PBXResourcesBuildPhase section */

/* Begin PBXSourcesBuildPhase section */
		8630C3521BEB438A00C712E3 /* Sources */ = {
			isa = PBXSourcesBuildPhase;
			buildActionMask = 2147483647;
			files = (
				86D307811BEB5AB400A7A182 /* FourViewController.m in Sources */,
				8630C3621BEB438A00C712E3 /* TarBarController.m in Sources */,
				86D307821BEB5AB400A7A182 /* MiddleViewController.m in Sources */,
				86D307831BEB5AB400A7A182 /* SecondViewController.m in Sources */,
				86D307841BEB5AB400A7A182 /* ThirdViewController.m in Sources */,
				862C93271BEC681900636CE9 /* HomeViewController.m in Sources */,
				8630C35F1BEB438A00C712E3 /* AppDelegate.m in Sources */,
				8630C35C1BEB438A00C712E3 /* main.m in Sources */,
			);
			runOnlyForDeploymentPostprocessing = 0;
		};
		8630C36B1BEB438A00C712E3 /* Sources */ = {
			isa = PBXSourcesBuildPhase;
			buildActionMask = 2147483647;
			files = (
				8630C3761BEB438A00C712E3 /* XMprojectTests.m in Sources */,
			);
			runOnlyForDeploymentPostprocessing = 0;
		};
/* End PBXSourcesBuildPhase section */

/* Begin PBXTargetDependency section */
		8630C3711BEB438A00C712E3 /* PBXTargetDependency */ = {
			isa = PBXTargetDependency;
			target = 8630C3551BEB438A00C712E3 /* XMproject */;
			targetProxy = 8630C3701BEB438A00C712E3 /* PBXContainerItemProxy */;
		};
/* End PBXTargetDependency section */

/* Begin PBXVariantGroup section */
		8630C3631BEB438A00C712E3 /* Main.storyboard */ = {
			isa = PBXVariantGroup;
			children = (
				8630C3641BEB438A00C712E3 /* Base */,
			);
			name = Main.storyboard;
			sourceTree = "<group>";
		};
		8630C3681BEB438A00C712E3 /* LaunchScreen.xib */ = {
			isa = PBXVariantGroup;
			children = (
				8630C3691BEB438A00C712E3 /* Base */,
			);
			name = LaunchScreen.xib;
			sourceTree = "<group>";
		};
/* End PBXVariantGroup section */

/* Begin XCBuildConfiguration section */
		8630C3771BEB438A00C712E3 /* Debug */ = {
			isa = XCBuildConfiguration;
			buildSettings = {
				ALWAYS_SEARCH_USER_PATHS = NO;
				CLANG_CXX_LANGUAGE_STANDARD = "gnu++0x";
				CLANG_CXX_LIBRARY = "libc++";
				CLANG_ENABLE_MODULES = YES;
				CLANG_ENABLE_OBJC_ARC = YES;
				CLANG_WARN_BOOL_CONVERSION = YES;
				CLANG_WARN_CONSTANT_CONVERSION = YES;
				CLANG_WARN_DIRECT_OBJC_ISA_USAGE = YES_ERROR;
				CLANG_WARN_EMPTY_BODY = YES;
				CLANG_WARN_ENUM_CONVERSION = YES;
				CLANG_WARN_INT_CONVERSION = YES;
				CLANG_WARN_OBJC_ROOT_CLASS = YES_ERROR;
				CLANG_WARN_UNREACHABLE_CODE = YES;
				CLANG_WARN__DUPLICATE_METHOD_MATCH = YES;
				"CODE_SIGN_IDENTITY[sdk=iphoneos*]" = "iPhone Developer";
				COPY_PHASE_STRIP = NO;
				DEBUG_INFORMATION_FORMAT = "dwarf-with-dsym";
				ENABLE_STRICT_OBJC_MSGSEND = YES;
				GCC_C_LANGUAGE_STANDARD = gnu99;
				GCC_DYNAMIC_NO_PIC = NO;
				GCC_NO_COMMON_BLOCKS = YES;
				GCC_OPTIMIZATION_LEVEL = 0;
				GCC_PREPROCESSOR_DEFINITIONS = (
					"DEBUG=1",
					"$(inherited)",
				);
				GCC_SYMBOLS_PRIVATE_EXTERN = NO;
				GCC_WARN_64_TO_32_BIT_CONVERSION = YES;
				GCC_WARN_ABOUT_RETURN_TYPE = YES_ERROR;
				GCC_WARN_UNDECLARED_SELECTOR = YES;
				GCC_WARN_UNINITIALIZED_AUTOS = YES_AGGRESSIVE;
				GCC_WARN_UNUSED_FUNCTION = YES;
				GCC_WARN_UNUSED_VARIABLE = YES;
				IPHONEOS_DEPLOYMENT_TARGET = 8.4;
				MTL_ENABLE_DEBUG_INFO = YES;
				ONLY_ACTIVE_ARCH = YES;
				SDKROOT = iphoneos;
			};
			name = Debug;
		};
		8630C3781BEB438A00C712E3 /* Release */ = {
			isa = XCBuildConfiguration;
			buildSettings = {
				ALWAYS_SEARCH_USER_PATHS = NO;
				CLANG_CXX_LANGUAGE_STANDARD = "gnu++0x";
				CLANG_CXX_LIBRARY = "libc++";
				CLANG_ENABLE_MODULES = YES;
				CLANG_ENABLE_OBJC_ARC = YES;
				CLANG_WARN_BOOL_CONVERSION = YES;
				CLANG_WARN_CONSTANT_CONVERSION = YES;
				CLANG_WARN_DIRECT_OBJC_ISA_USAGE = YES_ERROR;
				CLANG_WARN_EMPTY_BODY = YES;
				CLANG_WARN_ENUM_CONVERSION = YES;
				CLANG_WARN_INT_CONVERSION = YES;
				CLANG_WARN_OBJC_ROOT_CLASS = YES_ERROR;
				CLANG_WARN_UNREACHABLE_CODE = YES;
				CLANG_WARN__DUPLICATE_METHOD_MATCH = YES;
				"CODE_SIGN_IDENTITY[sdk=iphoneos*]" = "iPhone Developer";
				COPY_PHASE_STRIP = NO;
				DEBUG_INFORMATION_FORMAT = "dwarf-with-dsym";
				ENABLE_NS_ASSERTIONS = NO;
				ENABLE_STRICT_OBJC_MSGSEND = YES;
				GCC_C_LANGUAGE_STANDARD = gnu99;
				GCC_NO_COMMON_BLOCKS = YES;
				GCC_WARN_64_TO_32_BIT_CONVERSION = YES;
				GCC_WARN_ABOUT_RETURN_TYPE = YES_ERROR;
				GCC_WARN_UNDECLARED_SELECTOR = YES;
				GCC_WARN_UNINITIALIZED_AUTOS = YES_AGGRESSIVE;
				GCC_WARN_UNUSED_FUNCTION = YES;
				GCC_WARN_UNUSED_VARIABLE = YES;
				IPHONEOS_DEPLOYMENT_TARGET = 8.4;
				MTL_ENABLE_DEBUG_INFO = NO;
				SDKROOT = iphoneos;
				VALIDATE_PRODUCT = YES;
			};
			name = Release;
		};
		8630C37A1BEB438A00C712E3 /* Debug */ = {
			isa = XCBuildConfiguration;
			buildSettings = {
				ASSETCATALOG_COMPILER_APPICON_NAME = AppIcon;
				INFOPLIST_FILE = XMproject/Info.plist;
				LD_RUNPATH_SEARCH_PATHS = "$(inherited) @executable_path/Frameworks";
				PRODUCT_NAME = "$(TARGET_NAME)";
			};
			name = Debug;
		};
		8630C37B1BEB438A00C712E3 /* Release */ = {
			isa = XCBuildConfiguration;
			buildSettings = {
				ASSETCATALOG_COMPILER_APPICON_NAME = AppIcon;
				INFOPLIST_FILE = XMproject/Info.plist;
				LD_RUNPATH_SEARCH_PATHS = "$(inherited) @executable_path/Frameworks";
				PRODUCT_NAME = "$(TARGET_NAME)";
			};
			name = Release;
		};
		8630C37D1BEB438A00C712E3 /* Debug */ = {
			isa = XCBuildConfiguration;
			buildSettings = {
				BUNDLE_LOADER = "$(TEST_HOST)";
				FRAMEWORK_SEARCH_PATHS = (
					"$(SDKROOT)/Developer/Library/Frameworks",
					"$(inherited)",
				);
				GCC_PREPROCESSOR_DEFINITIONS = (
					"DEBUG=1",
					"$(inherited)",
				);
				INFOPLIST_FILE = XMprojectTests/Info.plist;
				LD_RUNPATH_SEARCH_PATHS = "$(inherited) @executable_path/Frameworks @loader_path/Frameworks";
				PRODUCT_NAME = "$(TARGET_NAME)";
				TEST_HOST = "$(BUILT_PRODUCTS_DIR)/XMproject.app/XMproject";
			};
			name = Debug;
		};
		8630C37E1BEB438A00C712E3 /* Release */ = {
			isa = XCBuildConfiguration;
			buildSettings = {
				BUNDLE_LOADER = "$(TEST_HOST)";
				FRAMEWORK_SEARCH_PATHS = (
					"$(SDKROOT)/Developer/Library/Frameworks",
					"$(inherited)",
				);
				INFOPLIST_FILE = XMprojectTests/Info.plist;
				LD_RUNPATH_SEARCH_PATHS = "$(inherited) @executable_path/Frameworks @loader_path/Frameworks";
				PRODUCT_NAME = "$(TARGET_NAME)";
				TEST_HOST = "$(BUILT_PRODUCTS_DIR)/XMproject.app/XMproject";
			};
			name = Release;
		};
/* End XCBuildConfiguration section */

/* Begin XCConfigurationList section */
		8630C3511BEB438A00C712E3 /* Build configuration list for PBXProject "XMproject" */ = {
			isa = XCConfigurationList;
			buildConfigurations = (
				8630C3771BEB438A00C712E3 /* Debug */,
				8630C3781BEB438A00C712E3 /* Release */,
			);
			defaultConfigurationIsVisible = 0;
			defaultConfigurationName = Release;
		};
		8630C3791BEB438A00C712E3 /* Build configuration list for PBXNativeTarget "XMproject" */ = {
			isa = XCConfigurationList;
			buildConfigurations = (
				8630C37A1BEB438A00C712E3 /* Debug */,
				8630C37B1BEB438A00C712E3 /* Release */,
			);
			defaultConfigurationIsVisible = 0;
			defaultConfigurationName = Release;
		};
		8630C37C1BEB438A00C712E3 /* Build configuration list for PBXNativeTarget "XMprojectTests" */ = {
			isa = XCConfigurationList;
			buildConfigurations = (
				8630C37D1BEB438A00C712E3 /* Debug */,
				8630C37E1BEB438A00C712E3 /* Release */,
			);
			defaultConfigurationIsVisible = 0;
			defaultConfigurationName = Release;
		};
/* End XCConfigurationList section */
	};
	rootObject = 8630C34E1BEB438A00C712E3 /* Project object */;
}
